github.com/Syfaro/telegram-bot-api v4.6.4+incompatible h1:O30CgxZ/BuHpWfONoGirTIU7XUWhz6NPelk80FxipDI=
github.com/Syfaro/telegram-bot-api v4.6.4+incompatible/go.mod h1:eC/lEGT3gOB9RowMYsLx0YH1U8a/dEjceHY3M//ej88=
github.com/caarlos0/env/v6 v6.9.1 h1:zOkkjM0F6ltnQ5eBX6IPI41UP/KDGEK7rRPwGCNos8k=
github.com/caarlos0/env/v6 v6.9.1/go.mod h1:hvp/ryKXKipEkcuYjs9mI4bBCg+UI0Yhgm5Zu0ddvwc=
github.com/gravitymir/zadarma-golang v1.0.0 h1:b/zDcqREndlkyMoBK1houwUgcco2AB6J3JH8ZFhcuu0=
github.com/gravitymir/zadarma-golang v1.0.0/go.mod h1:MZX+J2kw9DdeassAbGlp0vzgqzNIwWu2nyB6MoeezyU=
github.com/technoweenie/multipartstreamer v1.0.1 h1:XRztA5MXiR1TIRHxH2uNxXxaIkKQDeX7m2XsSOlQEnM=
github.com/technoweenie/multipartstreamer v1.0.1/go.mod h1:jNVxdtShOxzAsukZwTSw6MDx5eUJoiEBsSvzDU9uzog=
